
Microsoft Visual Studio Solution File, Format Version 12.00
# Visual Studio 15
VisualStudioVersion = 15.0.28010.2036
MinimumVisualStudioVersion = 10.0.40219.1
Project("{FAE04EC0-301F-11D3-BF4B-00C04F79EFBC}") = "test", "test\test\test.csproj", "{FA8B8441-EA7E-4D09-B019-7BCA20C58ED1}"
EndProject
Project("{FAE04EC0-301F-11D3-BF4B-00C04F79EFBC}") = "test.Android", "test\test.Android\test.Android.csproj", "{ED84705E-501A-4CC1-8240-762EDF8F9085}"
EndProject
Project("{FAE04EC0-301F-11D3-BF4B-00C04F79EFBC}") = "test.iOS", "test\test.iOS\test.iOS.csproj", "{759DB823-2AE9-45B6-B43F-41A2A617B481}"
EndProject
Global
	GlobalSection(SolutionConfigurationPlatforms) = preSolution
		Ad-Hoc|Any CPU = Ad-Hoc|Any CPU
		Ad-Hoc|iPhone = Ad-Hoc|iPhone
		Ad-Hoc|iPhoneSimulator = Ad-Hoc|iPhoneSimulator
		AppStore|Any CPU = AppStore|Any CPU
		AppStore|iPhone = AppStore|iPhone
		AppStore|iPhoneSimulator = AppStore|iPhoneSimulator
		Debug|Any CPU = Debug|Any CPU
		Debug|iPhone = Debug|iPhone
		Debug|iPhoneSimulator = Debug|iPhoneSimulator
		Release|Any CPU = Release|Any CPU
		Release|iPhone = Release|iPhone
		Release|iPhoneSimulator = Release|iPhoneSimulator
	EndGlobalSection
	GlobalSection(ProjectConfigurationPlatforms) = postSolution
		{FA8B8441-EA7E-4D09-B019-7BCA20C58ED1}.Ad-Hoc|Any CPU.ActiveCfg = Debug|Any CPU
		{FA8B8441-EA7E-4D09-B019-7BCA20C58ED1}.Ad-Hoc|Any CPU.Build.0 = Debug|Any CPU
		{FA8B8441-EA7E-4D09-B019-7BCA20C58ED1}.Ad-Hoc|iPhone.ActiveCfg = Debug|Any CPU
		{FA8B8441-EA7E-4D09-B019-7BCA20C58ED1}.Ad-Hoc|iPhone.Build.0 = Debug|Any CPU
		{FA8B8441-EA7E-4D09-B019-7BCA20C58ED1}.Ad-Hoc|iPhoneSimulator.ActiveCfg = Debug|Any CPU
		{FA8B8441-EA7E-4D09-B019-7BCA20C58ED1}.Ad-Hoc|iPhoneSimulator.Build.0 = Debug|Any CPU
		{FA8B8441-EA7E-4D09-B019-7BCA20C58ED1}.AppStore|Any CPU.ActiveCfg = Debug|Any CPU
		{FA8B8441-EA7E-4D09-B019-7BCA20C58ED1}.AppStore|Any CPU.Build.0 = Debug|Any CPU
		{FA8B8441-EA7E-4D09-B019-7BCA20C58ED1}.AppStore|iPhone.ActiveCfg = Debug|Any CPU
		{FA8B8441-EA7E-4D09-B019-7BCA20C58ED1}.AppStore|iPhone.Build.0 = Debug|Any CPU
		{FA8B8441-EA7E-4D09-B019-7BCA20C58ED1}.AppStore|iPhoneSimulator.ActiveCfg = Debug|Any CPU
		{FA8B8441-EA7E-4D09-B019-7BCA20C58ED1}.AppStore|iPhoneSimulator.Build.0 = Debug|Any CPU
		{FA8B8441-EA7E-4D09-B019-7BCA20C58ED1}.Debug|Any CPU.ActiveCfg = Debug|Any CPU
		{FA8B8441-EA7E-4D09-B019-7BCA20C58ED1}.Debug|Any CPU.Build.0 = Debug|Any CPU
		{FA8B8441-EA7E-4D09-B019-7BCA20C58ED1}.Debug|iPhone.ActiveCfg = Debug|Any CPU
		{FA8B8441-EA7E-4D09-B019-7BCA20C58ED1}.Debug|iPhone.Build.0 = Debug|Any CPU
		{FA8B8441-EA7E-4D09-B019-7BCA20C58ED1}.Debug|iPhoneSimulator.ActiveCfg = Debug|Any CPU
		{FA8B8441-EA7E-4D09-B019-7BCA20C58ED1}.Debug|iPhoneSimulator.Build.0 = Debug|Any CPU
		{FA8B8441-EA7E-4D09-B019-7BCA20C58ED1}.Release|Any CPU.ActiveCfg = Release|Any CPU
		{FA8B8441-EA7E-4D09-B019-7BCA20C58ED1}.Release|Any CPU.Build.0 = Release|Any CPU
		{FA8B8441-EA7E-4D09-B019-7BCA20C58ED1}.Release|iPhone.ActiveCfg = Release|Any CPU
		{FA8B8441-EA7E-4D09-B019-7BCA20C58ED1}.Release|iPhone.Build.0 = Release|Any CPU
		{FA8B8441-EA7E-4D09-B019-7BCA20C58ED1}.Release|iPhoneSimulator.ActiveCfg = Release|Any CPU
		{FA8B8441-EA7E-4D09-B019-7BCA20C58ED1}.Release|iPhoneSimulator.Build.0 = Release|Any CPU
		{ED84705E-501A-4CC1-8240-762EDF8F9085}.Ad-Hoc|Any CPU.ActiveCfg = Release|Any CPU
		{ED84705E-501A-4CC1-8240-762EDF8F9085}.Ad-Hoc|Any CPU.Build.0 = Release|Any CPU
		{ED84705E-501A-4CC1-8240-762EDF8F9085}.Ad-Hoc|Any CPU.Deploy.0 = Release|Any CPU
		{ED84705E-501A-4CC1-8240-762EDF8F9085}.Ad-Hoc|iPhone.ActiveCfg = Release|Any CPU
		{ED84705E-501A-4CC1-8240-762EDF8F9085}.Ad-Hoc|iPhone.Build.0 = Release|Any CPU
		{ED84705E-501A-4CC1-8240-762EDF8F9085}.Ad-Hoc|iPhone.Deploy.0 = Release|Any CPU
		{ED84705E-501A-4CC1-8240-762EDF8F9085}.Ad-Hoc|iPhoneSimulator.ActiveCfg = Release|Any CPU
		{ED84705E-501A-4CC1-8240-762EDF8F9085}.Ad-Hoc|iPhoneSimulator.Build.0 = Release|Any CPU
		{ED84705E-501A-4CC1-8240-762EDF8F9085}.Ad-Hoc|iPhoneSimulator.Deploy.0 = Release|Any CPU
		{ED84705E-501A-4CC1-8240-762EDF8F9085}.AppStore|Any CPU.ActiveCfg = Release|Any CPU
		{ED84705E-501A-4CC1-8240-762EDF8F9085}.AppStore|Any CPU.Build.0 = Release|Any CPU
		{ED84705E-501A-4CC1-8240-762EDF8F9085}.AppStore|Any CPU.Deploy.0 = Release|Any CPU
		{ED84705E-501A-4CC1-8240-762EDF8F9085}.AppStore|iPhone.ActiveCfg = Release|Any CPU
		{ED84705E-501A-4CC1-8240-762EDF8F9085}.AppStore|iPhone.Build.0 = Release|Any CPU
		{ED84705E-501A-4CC1-8240-762EDF8F9085}.AppStore|iPhone.Deploy.0 = Release|Any CPU
		{ED84705E-501A-4CC1-8240-762EDF8F9085}.AppStore|iPhoneSimulator.ActiveCfg = Release|Any CPU
		{ED84705E-501A-4CC1-8240-762EDF8F9085}.AppStore|iPhoneSimulator.Build.0 = Release|Any CPU
		{ED84705E-501A-4CC1-8240-762EDF8F9085}.AppStore|iPhoneSimulator.Deploy.0 = Release|Any CPU
		{ED84705E-501A-4CC1-8240-762EDF8F9085}.Debug|Any CPU.ActiveCfg = Debug|Any CPU
		{ED84705E-501A-4CC1-8240-762EDF8F9085}.Debug|Any CPU.Build.0 = Debug|Any CPU
		{ED84705E-501A-4CC1-8240-762EDF8F9085}.Debug|Any CPU.Deploy.0 = Debug|Any CPU
		{ED84705E-501A-4CC1-8240-762EDF8F9085}.Debug|iPhone.ActiveCfg = Debug|Any CPU
		{ED84705E-501A-4CC1-8240-762EDF8F9085}.Debug|iPhone.Build.0 = Debug|Any CPU
		{ED84705E-501A-4CC1-8240-762EDF8F9085}.Debug|iPhone.Deploy.0 = Debug|Any CPU
		{ED84705E-501A-4CC1-8240-762EDF8F9085}.Debug|iPhoneSimulator.ActiveCfg = Debug|Any CPU
		{ED84705E-501A-4CC1-8240-762EDF8F9085}.Debug|iPhoneSimulator.Build.0 = Debug|Any CPU
		{ED84705E-501A-4CC1-8240-762EDF8F9085}.Debug|iPhoneSimulator.Deploy.0 = Debug|Any CPU
		{ED84705E-501A-4CC1-8240-762EDF8F9085}.Release|Any CPU.ActiveCfg = Release|Any CPU
		{ED84705E-501A-4CC1-8240-762EDF8F9085}.Release|Any CPU.Build.0 = Release|Any CPU
		{ED84705E-501A-4CC1-8240-762EDF8F9085}.Release|Any CPU.Deploy.0 = Release|Any CPU
		{ED84705E-501A-4CC1-8240-762EDF8F9085}.Release|iPhone.ActiveCfg = Release|Any CPU
		{ED84705E-501A-4CC1-8240-762EDF8F9085}.Release|iPhone.Build.0 = Release|Any CPU
		{ED84705E-501A-4CC1-8240-762EDF8F9085}.Release|iPhone.Deploy.0 = Release|Any CPU
		{ED84705E-501A-4CC1-8240-762EDF8F9085}.Release|iPhoneSimulator.ActiveCfg = Release|Any CPU
		{ED84705E-501A-4CC1-8240-762EDF8F9085}.Release|iPhoneSimulator.Build.0 = Release|Any CPU
		{ED84705E-501A-4CC1-8240-762EDF8F9085}.Release|iPhoneSimulator.Deploy.0 = Release|Any CPU
		{759DB823-2AE9-45B6-B43F-41A2A617B481}.Ad-Hoc|Any CPU.ActiveCfg = Ad-Hoc|iPhone
		{759DB823-2AE9-45B6-B43F-41A2A617B481}.Ad-Hoc|iPhone.ActiveCfg = Ad-Hoc|iPhone
		{759DB823-2AE9-45B6-B43F-41A2A617B481}.Ad-Hoc|iPhone.Build.0 = Ad-Hoc|iPhone
		{759DB823-2AE9-45B6-B43F-41A2A617B481}.Ad-Hoc|iPhoneSimulator.ActiveCfg = Ad-Hoc|iPhoneSimulator
		{759DB823-2AE9-45B6-B43F-41A2A617B481}.Ad-Hoc|iPhoneSimulator.Build.0 = Ad-Hoc|iPhoneSimulator
		{759DB823-2AE9-45B6-B43F-41A2A617B481}.AppStore|Any CPU.ActiveCfg = AppStore|iPhone
		{759DB823-2AE9-45B6-B43F-41A2A617B481}.AppStore|iPhone.ActiveCfg = AppStore|iPhone
		{759DB823-2AE9-45B6-B43F-41A2A617B481}.AppStore|iPhone.Build.0 = AppStore|iPhone
		{759DB823-2AE9-45B6-B43F-41A2A617B481}.AppStore|iPhoneSimulator.ActiveCfg = AppStore|iPhoneSimulator
		{759DB823-2AE9-45B6-B43F-41A2A617B481}.AppStore|iPhoneSimulator.Build.0 = AppStore|iPhoneSimulator
		{759DB823-2AE9-45B6-B43F-41A2A617B481}.Debug|Any CPU.ActiveCfg = Debug|iPhone
		{759DB823-2AE9-45B6-B43F-41A2A617B481}.Debug|iPhone.ActiveCfg = Debug|iPhone
		{759DB823-2AE9-45B6-B43F-41A2A617B481}.Debug|iPhone.Build.0 = Debug|iPhone
		{759DB823-2AE9-45B6-B43F-41A2A617B481}.Debug|iPhoneSimulator.ActiveCfg = Debug|iPhoneSimulator
		{759DB823-2AE9-45B6-B43F-41A2A617B481}.Debug|iPhoneSimulator.Build.0 = Debug|iPhoneSimulator
		{759DB823-2AE9-45B6-B43F-41A2A617B481}.Release|Any CPU.ActiveCfg = Release|iPhone
		{759DB823-2AE9-45B6-B43F-41A2A617B481}.Release|iPhone.ActiveCfg = Release|iPhone
		{759DB823-2AE9-45B6-B43F-41A2A617B481}.Release|iPhone.Build.0 = Release|iPhone
		{759DB823-2AE9-45B6-B43F-41A2A617B481}.Release|iPhoneSimulator.ActiveCfg = Release|iPhoneSimulator
		{759DB823-2AE9-45B6-B43F-41A2A617B481}.Release|iPhoneSimulator.Build.0 = Release|iPhoneSimulator
	EndGlobalSection
	GlobalSection(SolutionProperties) = preSolution
		HideSolutionNode = FALSE
	EndGlobalSection
	GlobalSection(ExtensibilityGlobals) = postSolution
		SolutionGuid = {D797D6F2-F8BA-4145-81B0-51937169ACD4}
	EndGlobalSection
EndGlobal
